
Microsoft Visual Studio Solution File, Format Version 12.00
# Visual Studio Version 16
VisualStudioVersion = 16.0.29911.84
MinimumVisualStudioVersion = 10.0.40219.1
Project("{9A19103F-16F7-4668-BE54-9A1E7A4F7556}") = "SQLAgent", "SQLAgent\SQLAgent.csproj", "{F44298C1-968A-4AB0-A2B7-9CA692F79D29}"
EndProject
Project("{9A19103F-16F7-4668-BE54-9A1E7A4F7556}") = "WpfExample", "WpfExample\WpfExample.csproj", "{824BC658-7646-4802-BE66-19F5D0763732}"
EndProject
Global
	GlobalSection(SolutionConfigurationPlatforms) = preSolution
		Debug|Any CPU = Debug|Any CPU
		Release|Any CPU = Release|Any CPU
	EndGlobalSection
	GlobalSection(ProjectConfigurationPlatforms) = postSolution
		{F44298C1-968A-4AB0-A2B7-9CA692F79D29}.Debug|Any CPU.ActiveCfg = Debug|Any CPU
		{F44298C1-968A-4AB0-A2B7-9CA692F79D29}.Debug|Any CPU.Build.0 = Debug|Any CPU
		{F44298C1-968A-4AB0-A2B7-9CA692F79D29}.Release|Any CPU.ActiveCfg = Release|Any CPU
		{F44298C1-968A-4AB0-A2B7-9CA692F79D29}.Release|Any CPU.Build.0 = Release|Any CPU
		{824BC658-7646-4802-BE66-19F5D0763732}.Debug|Any CPU.ActiveCfg = Debug|Any CPU
		{824BC658-7646-4802-BE66-19F5D0763732}.Debug|Any CPU.Build.0 = Debug|Any CPU
		{824BC658-7646-4802-BE66-19F5D0763732}.Release|Any CPU.ActiveCfg = Release|Any CPU
		{824BC658-7646-4802-BE66-19F5D0763732}.Release|Any CPU.Build.0 = Release|Any CPU
	EndGlobalSection
	GlobalSection(SolutionProperties) = preSolution
		HideSolutionNode = FALSE
	EndGlobalSection
	GlobalSection(ExtensibilityGlobals) = postSolution
		SolutionGuid = {CDD46BAB-21DA-438F-87BE-5FE30D532289}
	EndGlobalSection
EndGlobal
